{
    "version": "0.5",
    "requires": [
        "zlib/1.3.1#f52e03ae3d251dec704634230cd806a2%1708593606.497",
        "unordered_dense/4.4.0#6a855c992618cc4c63019109a2e47298%1703413908.029",
        "svector/1.0.3#28db2df8046df97a8fbbe7dc7b574fb8%1685766180.438",
        "spdlog/1.14.1#972bbf70be1da4bc57ea589af0efde03%1714610543.14",
        "secp256k1/0.18.0#c2e7e05855c71cb8f4e350a7aa10bfa9%1698921631.178",
        "robin-hood-hashing/3.11.5#6287c40b3396bea819b4751ef6bf8737%1679919120.957",
        "node/0.43.0#aa04533d4ab312d702df38bcb875b25b%1716311985.775",
        "network/0.42.0#6e885dcb9c7a849f7b575337c96145f8%1716308362.441",
        "lmdb/0.9.32#a9b704c2cb978c03eea680da55f26f8e%1715166447.685",
        "libiconv/1.17#73fefc1b696e069df90fd1d18aa63edd%1707122814.387",
        "libbacktrace/cci.20210118#ec1aa63bbc10145c6a299e68e711670c%1676205469.545",
        "infrastructure/0.33.0#c3d2ff2347f7023b2f2ed475109cea7a%1716304697.223",
        "gmp/6.3.0#df20ffb6d21c34d67704305bcd1dea9e%1698225617.026",
        "fmt/10.2.1#9199a7a0611866dea5c8849a77467b25%1704415120.216",
        "expected-lite/0.6.3#262026767cf9d5ab1fdccb25c9bdbac2%1692807329.641",
        "domain/0.35.0#31e3c025ecabc5e2d2497315f406edb5%1716307558.582",
        "database/0.40.0#66089526ba08f2504be2ff9368455854%1716308565.049",
        "ctre/3.9.0#318a83b26476a59466795daac928f3ec%1715925273.754",
        "consensus/0.31.0#d920af2ad2c3cfc8b267a4b59e97caa7%1716304670.907",
        "bzip2/1.0.8#457c272f7da34cb9c67456dd217d36c4%1703591832.799",
        "boost/1.85.0#7926babdab0a9779cc164d0af6c28d5e%1715614149.259",
        "blockchain/0.38.0#3782ac84116af2ba5c6d3e991a883cba%1716310943.752",
        "abseil/20240116.2#932ead913d27bb5087303c2880a7b06d%1713331932.191"
    ],
    "build_requires": [
        "m4/1.4.19#b38ced39a01e31fef5435bc634461fd2%1700758725.451",
        "b2/4.10.1#a41eecb267963ddf518e3c177eae60e1%1707500896.52"
    ],
    "python_requires": [],
    "config_requires": []
}